
Microsoft Visual Studio Solution File, Format Version 12.00
# Visual Studio Version 17
VisualStudioVersion = 17.9.34701.34
MinimumVisualStudioVersion = 10.0.40219.1
Project("{FAE04EC0-301F-11D3-BF4B-00C04F79EFBC}") = "HelloWorldWinform", "HelloWorldWinform\HelloWorldWinform.csproj", "{07B07804-525F-4C34-9A99-E5D29202A935}"
EndProject
Global
	GlobalSection(SolutionConfigurationPlatforms) = preSolution
		Debug|Any CPU = Debug|Any CPU
		Release|Any CPU = Release|Any CPU
	EndGlobalSection
	GlobalSection(ProjectConfigurationPlatforms) = postSolution
		{07B07804-525F-4C34-9A99-E5D29202A935}.Debug|Any CPU.ActiveCfg = Debug|Any CPU
		{07B07804-525F-4C34-9A99-E5D29202A935}.Debug|Any CPU.Build.0 = Debug|Any CPU
		{07B07804-525F-4C34-9A99-E5D29202A935}.Release|Any CPU.ActiveCfg = Release|Any CPU
		{07B07804-525F-4C34-9A99-E5D29202A935}.Release|Any CPU.Build.0 = Release|Any CPU
	EndGlobalSection
	GlobalSection(SolutionProperties) = preSolution
		HideSolutionNode = FALSE
	EndGlobalSection
	GlobalSection(ExtensibilityGlobals) = postSolution
		SolutionGuid = {77BE046E-AA8A-43E9-A380-8042D18021B9}
	EndGlobalSection
EndGlobal
